// !$*UTF8*$!
{
	archiveVersion = 1;
	classes = {
	};
	objectVersion = 46;
	objects = {

/* Begin PBXBuildFile section */
		EF37A5CA1A6CD994001BB5EF /* AppDelegate.swift in Sources */ = {isa = PBXBuildFile; fileRef = EF37A5C91A6CD994001BB5EF /* AppDelegate.swift */; };
		EF37A5CC1A6CD994001BB5EF /* FirstViewController.swift in Sources */ = {isa = PBXBuildFile; fileRef = EF37A5CB1A6CD994001BB5EF /* FirstViewController.swift */; };
		EF37A5CE1A6CD994001BB5EF /* SecondViewController.swift in Sources */ = {isa = PBXBuildFile; fileRef = EF37A5CD1A6CD994001BB5EF /* SecondViewController.swift */; };
		EF37A5D11A6CD994001BB5EF /* Main.storyboard in Resources */ = {isa = PBXBuildFile; fileRef = EF37A5CF1A6CD994001BB5EF /* Main.storyboard */; };
		EF37A5D31A6CD994001BB5EF /* Images.xcassets in Resources */ = {isa = PBXBuildFile; fileRef = EF37A5D21A6CD994001BB5EF /* Images.xcassets */; };
		EF37A5D61A6CD994001BB5EF /* LaunchScreen.xib in Resources */ = {isa = PBXBuildFile; fileRef = EF37A5D41A6CD994001BB5EF /* LaunchScreen.xib */; };
		EF37A5E21A6CD994001BB5EF /* BrandUPTests.swift in Sources */ = {isa = PBXBuildFile; fileRef = EF37A5E11A6CD994001BB5EF /* BrandUPTests.swift */; };
		EFCBA9B31A6FAC6D0067380E /* LogInViewController.swift in Sources */ = {isa = PBXBuildFile; fileRef = EFCBA9B21A6FAC6D0067380E /* LogInViewController.swift */; };
		EFCBA9B71A6FB1200067380E /* Bolts.framework in Frameworks */ = {isa = PBXBuildFile; fileRef = EFCBA9B41A6FB1200067380E /* Bolts.framework */; };
		EFCBA9B81A6FB1200067380E /* Parse.framework in Frameworks */ = {isa = PBXBuildFile; fileRef = EFCBA9B51A6FB1200067380E /* Parse.framework */; };
		EFCBA9B91A6FB1200067380E /* ParseFacebookUtils.framework in Frameworks */ = {isa = PBXBuildFile; fileRef = EFCBA9B61A6FB1200067380E /* ParseFacebookUtils.framework */; };
		EFFD99FF1A6CE771003AFA8B /* AudioToolbox.framework in Frameworks */ = {isa = PBXBuildFile; fileRef = EFFD99FE1A6CE771003AFA8B /* AudioToolbox.framework */; };
		EFFD9A011A6CE779003AFA8B /* CFNetwork.framework in Frameworks */ = {isa = PBXBuildFile; fileRef = EFFD9A001A6CE779003AFA8B /* CFNetwork.framework */; };
		EFFD9A031A6CE782003AFA8B /* CoreGraphics.framework in Frameworks */ = {isa = PBXBuildFile; fileRef = EFFD9A021A6CE782003AFA8B /* CoreGraphics.framework */; };
		EFFD9A051A6CE78C003AFA8B /* CoreLocation.framework in Frameworks */ = {isa = PBXBuildFile; fileRef = EFFD9A041A6CE78C003AFA8B /* CoreLocation.framework */; };
		EFFD9A071A6CE795003AFA8B /* MobileCoreServices.framework in Frameworks */ = {isa = PBXBuildFile; fileRef = EFFD9A061A6CE795003AFA8B /* MobileCoreServices.framework */; };
		EFFD9A091A6CE79D003AFA8B /* QuartzCore.framework in Frameworks */ = {isa = PBXBuildFile; fileRef = EFFD9A081A6CE79D003AFA8B /* QuartzCore.framework */; };
		EFFD9A0B1A6CE7A5003AFA8B /* Security.framework in Frameworks */ = {isa = PBXBuildFile; fileRef = EFFD9A0A1A6CE7A5003AFA8B /* Security.framework */; };
		EFFD9A0D1A6CE7AD003AFA8B /* StoreKit.framework in Frameworks */ = {isa = PBXBuildFile; fileRef = EFFD9A0C1A6CE7AD003AFA8B /* StoreKit.framework */; };
		EFFD9A0F1A6CE7B4003AFA8B /* SystemConfiguration.framework in Frameworks */ = {isa = PBXBuildFile; fileRef = EFFD9A0E1A6CE7B4003AFA8B /* SystemConfiguration.framework */; };
		EFFD9A111A6CE7BC003AFA8B /* libz.dylib in Frameworks */ = {isa = PBXBuildFile; fileRef = EFFD9A101A6CE7BC003AFA8B /* libz.dylib */; };
		EFFD9A131A6CE7C5003AFA8B /* libsqlite3.dylib in Frameworks */ = {isa = PBXBuildFile; fileRef = EFFD9A121A6CE7C5003AFA8B /* libsqlite3.dylib */; };
		EFFD9A281A6CF0B6003AFA8B /* SignUpViewController.swift in Sources */ = {isa = PBXBuildFile; fileRef = EFFD9A271A6CF0B6003AFA8B /* SignUpViewController.swift */; };
		EFFD9A321A6CFD41003AFA8B /* HomeBG@3x.png in Resources */ = {isa = PBXBuildFile; fileRef = EFFD9A311A6CFD41003AFA8B /* HomeBG@3x.png */; };
		EFFD9A361A6D13E0003AFA8B /* Social.framework in Frameworks */ = {isa = PBXBuildFile; fileRef = EFFD9A351A6D13E0003AFA8B /* Social.framework */; };
		EFFD9A381A6D13FD003AFA8B /* Accounts.framework in Frameworks */ = {isa = PBXBuildFile; fileRef = EFFD9A371A6D13FD003AFA8B /* Accounts.framework */; };
		EFFD9A3A1A6D184E003AFA8B /* FacebookSDK.framework in Frameworks */ = {isa = PBXBuildFile; fileRef = EFFD9A391A6D184E003AFA8B /* FacebookSDK.framework */; };
/* End PBXBuildFile section */

/* Begin PBXContainerItemProxy section */
		EF37A5DC1A6CD994001BB5EF /* PBXContainerItemProxy */ = {
			isa = PBXContainerItemProxy;
			containerPortal = EF37A5BC1A6CD994001BB5EF /* Project object */;
			proxyType = 1;
			remoteGlobalIDString = EF37A5C31A6CD994001BB5EF;
			remoteInfo = BrandUP;
		};
/* End PBXContainerItemProxy section */

/* Begin PBXFileReference section */
		EF37A5C41A6CD994001BB5EF /* BrandUP.app */ = {isa = PBXFileReference; explicitFileType = wrapper.application; includeInIndex = 0; path = BrandUP.app; sourceTree = BUILT_PRODUCTS_DIR; };
		EF37A5C81A6CD994001BB5EF /* Info.plist */ = {isa = PBXFileReference; lastKnownFileType = text.plist.xml; path = Info.plist; sourceTree = "<group>"; };
		EF37A5C91A6CD994001BB5EF /* AppDelegate.swift */ = {isa = PBXFileReference; lastKnownFileType = sourcecode.swift; path = AppDelegate.swift; sourceTree = "<group>"; };
		EF37A5CB1A6CD994001BB5EF /* FirstViewController.swift */ = {isa = PBXFileReference; lastKnownFileType = sourcecode.swift; path = FirstViewController.swift; sourceTree = "<group>"; };
		EF37A5CD1A6CD994001BB5EF /* SecondViewController.swift */ = {isa = PBXFileReference; lastKnownFileType = sourcecode.swift; path = SecondViewController.swift; sourceTree = "<group>"; };
		EF37A5D01A6CD994001BB5EF /* Base */ = {isa = PBXFileReference; lastKnownFileType = file.storyboard; name = Base; path = Base.lproj/Main.storyboard; sourceTree = "<group>"; };
		EF37A5D21A6CD994001BB5EF /* Images.xcassets */ = {isa = PBXFileReference; lastKnownFileType = folder.assetcatalog; path = Images.xcassets; sourceTree = "<group>"; };
		EF37A5D51A6CD994001BB5EF /* Base */ = {isa = PBXFileReference; lastKnownFileType = file.xib; name = Base; path = Base.lproj/LaunchScreen.xib; sourceTree = "<group>"; };
		EF37A5DB1A6CD994001BB5EF /* BrandUPTests.xctest */ = {isa = PBXFileReference; explicitFileType = wrapper.cfbundle; includeInIndex = 0; path = BrandUPTests.xctest; sourceTree = BUILT_PRODUCTS_DIR; };
		EF37A5E01A6CD994001BB5EF /* Info.plist */ = {isa = PBXFileReference; lastKnownFileType = text.plist.xml; path = Info.plist; sourceTree = "<group>"; };
		EF37A5E11A6CD994001BB5EF /* BrandUPTests.swift */ = {isa = PBXFileReference; lastKnownFileType = sourcecode.swift; path = BrandUPTests.swift; sourceTree = "<group>"; };
		EFCBA9B21A6FAC6D0067380E /* LogInViewController.swift */ = {isa = PBXFileReference; fileEncoding = 4; lastKnownFileType = sourcecode.swift; path = LogInViewController.swift; sourceTree = "<group>"; };
		EFCBA9B41A6FB1200067380E /* Bolts.framework */ = {isa = PBXFileReference; lastKnownFileType = wrapper.framework; name = Bolts.framework; path = ../Bolts.framework; sourceTree = "<group>"; };
		EFCBA9B51A6FB1200067380E /* Parse.framework */ = {isa = PBXFileReference; lastKnownFileType = wrapper.framework; name = Parse.framework; path = ../Parse.framework; sourceTree = "<group>"; };
		EFCBA9B61A6FB1200067380E /* ParseFacebookUtils.framework */ = {isa = PBXFileReference; lastKnownFileType = wrapper.framework; path = ParseFacebookUtils.framework; sourceTree = "<group>"; };
		EFFD99FE1A6CE771003AFA8B /* AudioToolbox.framework */ = {isa = PBXFileReference; lastKnownFileType = wrapper.framework; name = AudioToolbox.framework; path = System/Library/Frameworks/AudioToolbox.framework; sourceTree = SDKROOT; };
		EFFD9A001A6CE779003AFA8B /* CFNetwork.framework */ = {isa = PBXFileReference; lastKnownFileType = wrapper.framework; name = CFNetwork.framework; path = System/Library/Frameworks/CFNetwork.framework; sourceTree = SDKROOT; };
		EFFD9A021A6CE782003AFA8B /* CoreGraphics.framework */ = {isa = PBXFileReference; lastKnownFileType = wrapper.framework; name = CoreGraphics.framework; path = System/Library/Frameworks/CoreGraphics.framework; sourceTree = SDKROOT; };
		EFFD9A041A6CE78C003AFA8B /* CoreLocation.framework */ = {isa = PBXFileReference; lastKnownFileType = wrapper.framework; name = CoreLocation.framework; path = System/Library/Frameworks/CoreLocation.framework; sourceTree = SDKROOT; };
		EFFD9A061A6CE795003AFA8B /* MobileCoreServices.framework */ = {isa = PBXFileReference; lastKnownFileType = wrapper.framework; name = MobileCoreServices.framework; path = System/Library/Frameworks/MobileCoreServices.framework; sourceTree = SDKROOT; };
		EFFD9A081A6CE79D003AFA8B /* QuartzCore.framework */ = {isa = PBXFileReference; lastKnownFileType = wrapper.framework; name = QuartzCore.framework; path = System/Library/Frameworks/QuartzCore.framework; sourceTree = SDKROOT; };
		EFFD9A0A1A6CE7A5003AFA8B /* Security.framework */ = {isa = PBXFileReference; lastKnownFileType = wrapper.framework; name = Security.framework; path = System/Library/Frameworks/Security.framework; sourceTree = SDKROOT; };
		EFFD9A0C1A6CE7AD003AFA8B /* StoreKit.framework */ = {isa = PBXFileReference; lastKnownFileType = wrapper.framework; name = StoreKit.framework; path = System/Library/Frameworks/StoreKit.framework; sourceTree = SDKROOT; };
		EFFD9A0E1A6CE7B4003AFA8B /* SystemConfiguration.framework */ = {isa = PBXFileReference; lastKnownFileType = wrapper.framework; name = SystemConfiguration.framework; path = System/Library/Frameworks/SystemConfiguration.framework; sourceTree = SDKROOT; };
		EFFD9A101A6CE7BC003AFA8B /* libz.dylib */ = {isa = PBXFileReference; lastKnownFileType = "compiled.mach-o.dylib"; name = libz.dylib; path = usr/lib/libz.dylib; sourceTree = SDKROOT; };
		EFFD9A121A6CE7C5003AFA8B /* libsqlite3.dylib */ = {isa = PBXFileReference; lastKnownFileType = "compiled.mach-o.dylib"; name = libsqlite3.dylib; path = usr/lib/libsqlite3.dylib; sourceTree = SDKROOT; };
		EFFD9A261A6CEF91003AFA8B /* BrandUP-Bridging-Header.h */ = {isa = PBXFileReference; lastKnownFileType = sourcecode.c.h; path = "BrandUP-Bridging-Header.h"; sourceTree = "<group>"; };
		EFFD9A271A6CF0B6003AFA8B /* SignUpViewController.swift */ = {isa = PBXFileReference; fileEncoding = 4; lastKnownFileType = sourcecode.swift; path = SignUpViewController.swift; sourceTree = "<group>"; };
		EFFD9A311A6CFD41003AFA8B /* HomeBG@3x.png */ = {isa = PBXFileReference; lastKnownFileType = image.png; path = "HomeBG@3x.png"; sourceTree = "<group>"; };
		EFFD9A351A6D13E0003AFA8B /* Social.framework */ = {isa = PBXFileReference; lastKnownFileType = wrapper.framework; name = Social.framework; path = System/Library/Frameworks/Social.framework; sourceTree = SDKROOT; };
		EFFD9A371A6D13FD003AFA8B /* Accounts.framework */ = {isa = PBXFileReference; lastKnownFileType = wrapper.framework; name = Accounts.framework; path = System/Library/Frameworks/Accounts.framework; sourceTree = SDKROOT; };
		EFFD9A391A6D184E003AFA8B /* FacebookSDK.framework */ = {isa = PBXFileReference; lastKnownFileType = wrapper.framework; path = FacebookSDK.framework; sourceTree = "<group>"; };
/* End PBXFileReference section */

/* Begin PBXFrameworksBuildPhase section */
		EF37A5C11A6CD994001BB5EF /* Frameworks */ = {
			isa = PBXFrameworksBuildPhase;
			buildActionMask = 2147483647;
			files = (
				EFCBA9B71A6FB1200067380E /* Bolts.framework in Frameworks */,
				EFFD9A0F1A6CE7B4003AFA8B /* SystemConfiguration.framework in Frameworks */,
				EFFD9A0D1A6CE7AD003AFA8B /* StoreKit.framework in Frameworks */,
				EFFD9A071A6CE795003AFA8B /* MobileCoreServices.framework in Frameworks */,
				EFFD9A031A6CE782003AFA8B /* CoreGraphics.framework in Frameworks */,
				EFCBA9B91A6FB1200067380E /* ParseFacebookUtils.framework in Frameworks */,
				EFFD9A011A6CE779003AFA8B /* CFNetwork.framework in Frameworks */,
				EFCBA9B81A6FB1200067380E /* Parse.framework in Frameworks */,
				EFFD9A381A6D13FD003AFA8B /* Accounts.framework in Frameworks */,
				EFFD9A361A6D13E0003AFA8B /* Social.framework in Frameworks */,
				EFFD9A131A6CE7C5003AFA8B /* libsqlite3.dylib in Frameworks */,
				EFFD9A111A6CE7BC003AFA8B /* libz.dylib in Frameworks */,
				EFFD9A0B1A6CE7A5003AFA8B /* Security.framework in Frameworks */,
				EFFD9A091A6CE79D003AFA8B /* QuartzCore.framework in Frameworks */,
				EFFD9A3A1A6D184E003AFA8B /* FacebookSDK.framework in Frameworks */,
				EFFD9A051A6CE78C003AFA8B /* CoreLocation.framework in Frameworks */,
				EFFD99FF1A6CE771003AFA8B /* AudioToolbox.framework in Frameworks */,
			);
			runOnlyForDeploymentPostprocessing = 0;
		};
		EF37A5D81A6CD994001BB5EF /* Frameworks */ = {
			isa = PBXFrameworksBuildPhase;
			buildActionMask = 2147483647;
			files = (
			);
			runOnlyForDeploymentPostprocessing = 0;
		};
/* End PBXFrameworksBuildPhase section */

/* Begin PBXGroup section */
		EF37A5BB1A6CD994001BB5EF = {
			isa = PBXGroup;
			children = (
				EFCBA9B61A6FB1200067380E /* ParseFacebookUtils.framework */,
				EFFD9A391A6D184E003AFA8B /* FacebookSDK.framework */,
				EFFD9A371A6D13FD003AFA8B /* Accounts.framework */,
				EFFD9A351A6D13E0003AFA8B /* Social.framework */,
				EFFD9A121A6CE7C5003AFA8B /* libsqlite3.dylib */,
				EFFD9A101A6CE7BC003AFA8B /* libz.dylib */,
				EFFD9A0E1A6CE7B4003AFA8B /* SystemConfiguration.framework */,
				EFFD9A0C1A6CE7AD003AFA8B /* StoreKit.framework */,
				EFFD9A0A1A6CE7A5003AFA8B /* Security.framework */,
				EFFD9A081A6CE79D003AFA8B /* QuartzCore.framework */,
				EFFD9A061A6CE795003AFA8B /* MobileCoreServices.framework */,
				EFFD9A041A6CE78C003AFA8B /* CoreLocation.framework */,
				EFFD9A021A6CE782003AFA8B /* CoreGraphics.framework */,
				EFFD9A001A6CE779003AFA8B /* CFNetwork.framework */,
				EFFD99FE1A6CE771003AFA8B /* AudioToolbox.framework */,
				EF37A5C61A6CD994001BB5EF /* BrandUP */,
				EF37A5DE1A6CD994001BB5EF /* BrandUPTests */,
				EF37A5C51A6CD994001BB5EF /* Products */,
			);
			sourceTree = "<group>";
		};
		EF37A5C51A6CD994001BB5EF /* Products */ = {
			isa = PBXGroup;
			children = (
				EF37A5C41A6CD994001BB5EF /* BrandUP.app */,
				EF37A5DB1A6CD994001BB5EF /* BrandUPTests.xctest */,
			);
			name = Products;
			sourceTree = "<group>";
		};
		EF37A5C61A6CD994001BB5EF /* BrandUP */ = {
			isa = PBXGroup;
			children = (
				EFCBA9B41A6FB1200067380E /* Bolts.framework */,
				EFCBA9B51A6FB1200067380E /* Parse.framework */,
				EFFD9A311A6CFD41003AFA8B /* HomeBG@3x.png */,
				EF37A5C91A6CD994001BB5EF /* AppDelegate.swift */,
				EFFD9A271A6CF0B6003AFA8B /* SignUpViewController.swift */,
				EFCBA9B21A6FAC6D0067380E /* LogInViewController.swift */,
				EF37A5CB1A6CD994001BB5EF /* FirstViewController.swift */,
				EF37A5CD1A6CD994001BB5EF /* SecondViewController.swift */,
				EF37A5CF1A6CD994001BB5EF /* Main.storyboard */,
				EF37A5D21A6CD994001BB5EF /* Images.xcassets */,
				EF37A5D41A6CD994001BB5EF /* LaunchScreen.xib */,
				EF37A5C71A6CD994001BB5EF /* Supporting Files */,
				EFFD9A261A6CEF91003AFA8B /* BrandUP-Bridging-Header.h */,
			);
			path = BrandUP;
			sourceTree = "<group>";
		};
		EF37A5C71A6CD994001BB5EF /* Supporting Files */ = {
			isa = PBXGroup;
			children = (
				EF37A5C81A6CD994001BB5EF /* Info.plist */,
			);
			name = "Supporting Files";
			sourceTree = "<group>";
		};
		EF37A5DE1A6CD994001BB5EF /* BrandUPTests */ = {
			isa = PBXGroup;
			children = (
				EF37A5E11A6CD994001BB5EF /* BrandUPTests.swift */,
				EF37A5DF1A6CD994001BB5EF /* Supporting Files */,
			);
			path = BrandUPTests;
			sourceTree = "<group>";
		};
		EF37A5DF1A6CD994001BB5EF /* Supporting Files */ = {
			isa = PBXGroup;
			children = (
				EF37A5E01A6CD994001BB5EF /* Info.plist */,
			);
			name = "Supporting Files";
			sourceTree = "<group>";
		};
/* End PBXGroup section */

/* Begin PBXNativeTarget section */
		EF37A5C31A6CD994001BB5EF /* BrandUP */ = {
			isa = PBXNativeTarget;
			buildConfigurationList = EF37A5E51A6CD994001BB5EF /* Build configuration list for PBXNativeTarget "BrandUP" */;
			buildPhases = (
				EF37A5C01A6CD994001BB5EF /* Sources */,
				EF37A5C11A6CD994001BB5EF /* Frameworks */,
				EF37A5C21A6CD994001BB5EF /* Resources */,
			);
			buildRules = (
			);
			dependencies = (
			);
			name = BrandUP;
			productName = BrandUP;
			productReference = EF37A5C41A6CD994001BB5EF /* BrandUP.app */;
			productType = "com.apple.product-type.application";
		};
		EF37A5DA1A6CD994001BB5EF /* BrandUPTests */ = {
			isa = PBXNativeTarget;
			buildConfigurationList = EF37A5E81A6CD994001BB5EF /* Build configuration list for PBXNativeTarget "BrandUPTests" */;
			buildPhases = (
				EF37A5D71A6CD994001BB5EF /* Sources */,
				EF37A5D81A6CD994001BB5EF /* Frameworks */,
				EF37A5D91A6CD994001BB5EF /* Resources */,
			);
			buildRules = (
			);
			dependencies = (
				EF37A5DD1A6CD994001BB5EF /* PBXTargetDependency */,
			);
			name = BrandUPTests;
			productName = BrandUPTests;
			productReference = EF37A5DB1A6CD994001BB5EF /* BrandUPTests.xctest */;
			productType = "com.apple.product-type.bundle.unit-test";
		};
/* End PBXNativeTarget section */

/* Begin PBXProject section */
		EF37A5BC1A6CD994001BB5EF /* Project object */ = {
			isa = PBXProject;
			attributes = {
				LastUpgradeCheck = 0610;
				ORGANIZATIONNAME = ShawnCCHuang;
				TargetAttributes = {
					EF37A5C31A6CD994001BB5EF = {
						CreatedOnToolsVersion = 6.1.1;
					};
					EF37A5DA1A6CD994001BB5EF = {
						CreatedOnToolsVersion = 6.1.1;
						TestTargetID = EF37A5C31A6CD994001BB5EF;
					};
				};
			};
			buildConfigurationList = EF37A5BF1A6CD994001BB5EF /* Build configuration list for PBXProject "BrandUP" */;
			compatibilityVersion = "Xcode 3.2";
			developmentRegion = English;
			hasScannedForEncodings = 0;
			knownRegions = (
				en,
				Base,
			);
			mainGroup = EF37A5BB1A6CD994001BB5EF;
			productRefGroup = EF37A5C51A6CD994001BB5EF /* Products */;
			projectDirPath = "";
			projectRoot = "";
			targets = (
				EF37A5C31A6CD994001BB5EF /* BrandUP */,
				EF37A5DA1A6CD994001BB5EF /* BrandUPTests */,
			);
		};
/* End PBXProject section */

/* Begin PBXResourcesBuildPhase section */
		EF37A5C21A6CD994001BB5EF /* Resources */ = {
			isa = PBXResourcesBuildPhase;
			buildActionMask = 2147483647;
			files = (
				EF37A5D11A6CD994001BB5EF /* Main.storyboard in Resources */,
				EFFD9A321A6CFD41003AFA8B /* HomeBG@3x.png in Resources */,
				EF37A5D61A6CD994001BB5EF /* LaunchScreen.xib in Resources */,
				EF37A5D31A6CD994001BB5EF /* Images.xcassets in Resources */,
			);
			runOnlyForDeploymentPostprocessing = 0;
		};
		EF37A5D91A6CD994001BB5EF /* Resources */ = {
			isa = PBXResourcesBuildPhase;
			buildActionMask = 2147483647;
			files = (
			);
			runOnlyForDeploymentPostprocessing = 0;
		};
/* End PBXResourcesBuildPhase section */

/* Begin PBXSourcesBuildPhase section */
		EF37A5C01A6CD994001BB5EF /* Sources */ = {
			isa = PBXSourcesBuildPhase;
			buildActionMask = 2147483647;
			files = (
				EF37A5CE1A6CD994001BB5EF /* SecondViewController.swift in Sources */,
				EF37A5CA1A6CD994001BB5EF /* AppDelegate.swift in Sources */,
				EFFD9A281A6CF0B6003AFA8B /* SignUpViewController.swift in Sources */,
				EFCBA9B31A6FAC6D0067380E /* LogInViewController.swift in Sources */,
				EF37A5CC1A6CD994001BB5EF /* FirstViewController.swift in Sources */,
			);
			runOnlyForDeploymentPostprocessing = 0;
		};
		EF37A5D71A6CD994001BB5EF /* Sources */ = {
			isa = PBXSourcesBuildPhase;
			buildActionMask = 2147483647;
			files = (
				EF37A5E21A6CD994001BB5EF /* BrandUPTests.swift in Sources */,
			);
			runOnlyForDeploymentPostprocessing = 0;
		};
/* End PBXSourcesBuildPhase section */

/* Begin PBXTargetDependency section */
		EF37A5DD1A6CD994001BB5EF /* PBXTargetDependency */ = {
			isa = PBXTargetDependency;
			target = EF37A5C31A6CD994001BB5EF /* BrandUP */;
			targetProxy = EF37A5DC1A6CD994001BB5EF /* PBXContainerItemProxy */;
		};
/* End PBXTargetDependency section */

/* Begin PBXVariantGroup section */
		EF37A5CF1A6CD994001BB5EF /* Main.storyboard */ = {
			isa = PBXVariantGroup;
			children = (
				EF37A5D01A6CD994001BB5EF /* Base */,
			);
			name = Main.storyboard;
			sourceTree = "<group>";
		};
		EF37A5D41A6CD994001BB5EF /* LaunchScreen.xib */ = {
			isa = PBXVariantGroup;
			children = (
				EF37A5D51A6CD994001BB5EF /* Base */,
			);
			name = LaunchScreen.xib;
			sourceTree = "<group>";
		};
/* End PBXVariantGroup section */

/* Begin XCBuildConfiguration section */
		EF37A5E31A6CD994001BB5EF /* Debug */ = {
			isa = XCBuildConfiguration;
			buildSettings = {
				ALWAYS_SEARCH_USER_PATHS = NO;
				CLANG_CXX_LANGUAGE_STANDARD = "gnu++0x";
				CLANG_CXX_LIBRARY = "libc++";
				CLANG_ENABLE_MODULES = YES;
				CLANG_ENABLE_OBJC_ARC = YES;
				CLANG_WARN_BOOL_CONVERSION = YES;
				CLANG_WARN_CONSTANT_CONVERSION = YES;
				CLANG_WARN_DIRECT_OBJC_ISA_USAGE = YES_ERROR;
				CLANG_WARN_EMPTY_BODY = YES;
				CLANG_WARN_ENUM_CONVERSION = YES;
				CLANG_WARN_INT_CONVERSION = YES;
				CLANG_WARN_OBJC_ROOT_CLASS = YES_ERROR;
				CLANG_WARN_UNREACHABLE_CODE = YES;
				CLANG_WARN__DUPLICATE_METHOD_MATCH = YES;
				"CODE_SIGN_IDENTITY[sdk=iphoneos*]" = "iPhone Developer";
				COPY_PHASE_STRIP = NO;
				ENABLE_STRICT_OBJC_MSGSEND = YES;
				GCC_C_LANGUAGE_STANDARD = gnu99;
				GCC_DYNAMIC_NO_PIC = NO;
				GCC_OPTIMIZATION_LEVEL = 0;
				GCC_PREPROCESSOR_DEFINITIONS = (
					"DEBUG=1",
					"$(inherited)",
				);
				GCC_SYMBOLS_PRIVATE_EXTERN = NO;
				GCC_WARN_64_TO_32_BIT_CONVERSION = YES;
				GCC_WARN_ABOUT_RETURN_TYPE = YES_ERROR;
				GCC_WARN_UNDECLARED_SELECTOR = YES;
				GCC_WARN_UNINITIALIZED_AUTOS = YES_AGGRESSIVE;
				GCC_WARN_UNUSED_FUNCTION = YES;
				GCC_WARN_UNUSED_VARIABLE = YES;
				IPHONEOS_DEPLOYMENT_TARGET = 8.1;
				MTL_ENABLE_DEBUG_INFO = YES;
				ONLY_ACTIVE_ARCH = YES;
				SDKROOT = iphoneos;
				SWIFT_OPTIMIZATION_LEVEL = "-Onone";
			};
			name = Debug;
		};
		EF37A5E41A6CD994001BB5EF /* Release */ = {
			isa = XCBuildConfiguration;
			buildSettings = {
				ALWAYS_SEARCH_USER_PATHS = NO;
				CLANG_CXX_LANGUAGE_STANDARD = "gnu++0x";
				CLANG_CXX_LIBRARY = "libc++";
				CLANG_ENABLE_MODULES = YES;
				CLANG_ENABLE_OBJC_ARC = YES;
				CLANG_WARN_BOOL_CONVERSION = YES;
				CLANG_WARN_CONSTANT_CONVERSION = YES;
				CLANG_WARN_DIRECT_OBJC_ISA_USAGE = YES_ERROR;
				CLANG_WARN_EMPTY_BODY = YES;
				CLANG_WARN_ENUM_CONVERSION = YES;
				CLANG_WARN_INT_CONVERSION = YES;
				CLANG_WARN_OBJC_ROOT_CLASS = YES_ERROR;
				CLANG_WARN_UNREACHABLE_CODE = YES;
				CLANG_WARN__DUPLICATE_METHOD_MATCH = YES;
				"CODE_SIGN_IDENTITY[sdk=iphoneos*]" = "iPhone Developer";
				COPY_PHASE_STRIP = YES;
				ENABLE_NS_ASSERTIONS = NO;
				ENABLE_STRICT_OBJC_MSGSEND = YES;
				GCC_C_LANGUAGE_STANDARD = gnu99;
				GCC_WARN_64_TO_32_BIT_CONVERSION = YES;
				GCC_WARN_ABOUT_RETURN_TYPE = YES_ERROR;
				GCC_WARN_UNDECLARED_SELECTOR = YES;
				GCC_WARN_UNINITIALIZED_AUTOS = YES_AGGRESSIVE;
				GCC_WARN_UNUSED_FUNCTION = YES;
				GCC_WARN_UNUSED_VARIABLE = YES;
				IPHONEOS_DEPLOYMENT_TARGET = 8.1;
				MTL_ENABLE_DEBUG_INFO = NO;
				SDKROOT = iphoneos;
				VALIDATE_PRODUCT = YES;
			};
			name = Release;
		};
		EF37A5E61A6CD994001BB5EF /* Debug */ = {
			isa = XCBuildConfiguration;
			buildSettings = {
				ASSETCATALOG_COMPILER_APPICON_NAME = AppIcon;
				CLANG_ENABLE_MODULES = YES;
				FRAMEWORK_SEARCH_PATHS = (
					"$(inherited)",
					"$(PROJECT_DIR)/parse-library-1.6.1",
					"$(PROJECT_DIR)",
					"$(PROJECT_DIR)/BrandUP",
				);
				INFOPLIST_FILE = BrandUP/Info.plist;
				LD_RUNPATH_SEARCH_PATHS = "$(inherited) @executable_path/Frameworks";
				PRODUCT_NAME = "$(TARGET_NAME)";
				SWIFT_OBJC_BRIDGING_HEADER = "BrandUP/BrandUP-Bridging-Header.h";
				SWIFT_OPTIMIZATION_LEVEL = "-Onone";
			};
			name = Debug;
		};
		EF37A5E71A6CD994001BB5EF /* Release */ = {
			isa = XCBuildConfiguration;
			buildSettings = {
				ASSETCATALOG_COMPILER_APPICON_NAME = AppIcon;
				CLANG_ENABLE_MODULES = YES;
				FRAMEWORK_SEARCH_PATHS = (
					"$(inherited)",
					"$(PROJECT_DIR)/parse-library-1.6.1",
					"$(PROJECT_DIR)",
					"$(PROJECT_DIR)/BrandUP",
				);
				INFOPLIST_FILE = BrandUP/Info.plist;
				LD_RUNPATH_SEARCH_PATHS = "$(inherited) @executable_path/Frameworks";
				PRODUCT_NAME = "$(TARGET_NAME)";
				SWIFT_OBJC_BRIDGING_HEADER = "BrandUP/BrandUP-Bridging-Header.h";
			};
			name = Release;
		};
		EF37A5E91A6CD994001BB5EF /* Debug */ = {
			isa = XCBuildConfiguration;
			buildSettings = {
				BUNDLE_LOADER = "$(TEST_HOST)";
				FRAMEWORK_SEARCH_PATHS = (
					"$(SDKROOT)/Developer/Library/Frameworks",
					"$(inherited)",
				);
				GCC_PREPROCESSOR_DEFINITIONS = (
					"DEBUG=1",
					"$(inherited)",
				);
				INFOPLIST_FILE = BrandUPTests/Info.plist;
				LD_RUNPATH_SEARCH_PATHS = "$(inherited) @executable_path/Frameworks @loader_path/Frameworks";
				PRODUCT_NAME = "$(TARGET_NAME)";
				TEST_HOST = "$(BUILT_PRODUCTS_DIR)/BrandUP.app/BrandUP";
			};
			name = Debug;
		};
		EF37A5EA1A6CD994001BB5EF /* Release */ = {
			isa = XCBuildConfiguration;
			buildSettings = {
				BUNDLE_LOADER = "$(TEST_HOST)";
				FRAMEWORK_SEARCH_PATHS = (
					"$(SDKROOT)/Developer/Library/Frameworks",
					"$(inherited)",
				);
				INFOPLIST_FILE = BrandUPTests/Info.plist;
				LD_RUNPATH_SEARCH_PATHS = "$(inherited) @executable_path/Frameworks @loader_path/Frameworks";
				PRODUCT_NAME = "$(TARGET_NAME)";
				TEST_HOST = "$(BUILT_PRODUCTS_DIR)/BrandUP.app/BrandUP";
			};
			name = Release;
		};
/* End XCBuildConfiguration section */

/* Begin XCConfigurationList section */
		EF37A5BF1A6CD994001BB5EF /* Build configuration list for PBXProject "BrandUP" */ = {
			isa = XCConfigurationList;
			buildConfigurations = (
				EF37A5E31A6CD994001BB5EF /* Debug */,
				EF37A5E41A6CD994001BB5EF /* Release */,
			);
			defaultConfigurationIsVisible = 0;
			defaultConfigurationName = Release;
		};
		EF37A5E51A6CD994001BB5EF /* Build configuration list for PBXNativeTarget "BrandUP" */ = {
			isa = XCConfigurationList;
			buildConfigurations = (
				EF37A5E61A6CD994001BB5EF /* Debug */,
				EF37A5E71A6CD994001BB5EF /* Release */,
			);
			defaultConfigurationIsVisible = 0;
			defaultConfigurationName = Release;
		};
		EF37A5E81A6CD994001BB5EF /* Build configuration list for PBXNativeTarget "BrandUPTests" */ = {
			isa = XCConfigurationList;
			buildConfigurations = (
				EF37A5E91A6CD994001BB5EF /* Debug */,
				EF37A5EA1A6CD994001BB5EF /* Release */,
			);
			defaultConfigurationIsVisible = 0;
			defaultConfigurationName = Release;
		};
/* End XCConfigurationList section */
	};
	rootObject = EF37A5BC1A6CD994001BB5EF /* Project object */;
}
